
Microsoft Visual Studio Solution File, Format Version 12.00
# Visual Studio Version 17
VisualStudioVersion = 17.6.33723.286
MinimumVisualStudioVersion = 10.0.40219.1
Project("{9A19103F-16F7-4668-BE54-9A1E7A4F7556}") = "BlazorVerificationCaptcha", "BlazorVerificationCaptcha.csproj", "{63C3E0F0-8CBA-4B08-BE53-506A99904699}"
EndProject
Global
	GlobalSection(SolutionConfigurationPlatforms) = preSolution
		Debug|Any CPU = Debug|Any CPU
		Release|Any CPU = Release|Any CPU
	EndGlobalSection
	GlobalSection(ProjectConfigurationPlatforms) = postSolution
		{63C3E0F0-8CBA-4B08-BE53-506A99904699}.Debug|Any CPU.ActiveCfg = Debug|Any CPU
		{63C3E0F0-8CBA-4B08-BE53-506A99904699}.Debug|Any CPU.Build.0 = Debug|Any CPU
		{63C3E0F0-8CBA-4B08-BE53-506A99904699}.Release|Any CPU.ActiveCfg = Release|Any CPU
		{63C3E0F0-8CBA-4B08-BE53-506A99904699}.Release|Any CPU.Build.0 = Release|Any CPU
	EndGlobalSection
	GlobalSection(SolutionProperties) = preSolution
		HideSolutionNode = FALSE
	EndGlobalSection
	GlobalSection(ExtensibilityGlobals) = postSolution
		SolutionGuid = {E53E36E5-ECAD-48D5-A926-58A591B1EA89}
	EndGlobalSection
EndGlobal
